
Microsoft Visual Studio Solution File, Format Version 12.00
# Visual Studio Version 17
VisualStudioVersion = 17.14.36121.58
MinimumVisualStudioVersion = 10.0.40219.1
Project("{FAE04EC0-301F-11D3-BF4B-00C04F79EFBC}") = "APIAdmin", "btlapi\APIAdmin.csproj", "{495D482A-FCE3-4D36-87D6-BCE71FB83DC7}"
EndProject
Project("{FAE04EC0-301F-11D3-BF4B-00C04F79EFBC}") = "BLL_", "BLL_\BLL_.csproj", "{BFF92737-EEBA-45E5-804B-7E5FD71C86D0}"
EndProject
Project("{FAE04EC0-301F-11D3-BF4B-00C04F79EFBC}") = "DAL_", "DAL_\DAL_.csproj", "{3FC98040-03A6-4732-83F4-954FADD7FB57}"
EndProject
Project("{FAE04EC0-301F-11D3-BF4B-00C04F79EFBC}") = "Model_", "Model_\Model_.csproj", "{58411091-0A1B-4CE8-B40D-3AAECED28D8A}"
EndProject
Project("{FAE04EC0-301F-11D3-BF4B-00C04F79EFBC}") = "APIUser", "APIUser\APIUser.csproj", "{CEFDD4A8-D174-4331-9E71-DFEA071B7848}"
EndProject
Project("{FAE04EC0-301F-11D3-BF4B-00C04F79EFBC}") = "APIGateWay", "APIGateWay\APIGateWay.csproj", "{5C6BCFDE-7DB4-4900-8A2E-64DDD408094A}"
EndProject
Global
	GlobalSection(SolutionConfigurationPlatforms) = preSolution
		Debug|Any CPU = Debug|Any CPU
		Release|Any CPU = Release|Any CPU
	EndGlobalSection
	GlobalSection(ProjectConfigurationPlatforms) = postSolution
		{495D482A-FCE3-4D36-87D6-BCE71FB83DC7}.Debug|Any CPU.ActiveCfg = Debug|Any CPU
		{495D482A-FCE3-4D36-87D6-BCE71FB83DC7}.Debug|Any CPU.Build.0 = Debug|Any CPU
		{495D482A-FCE3-4D36-87D6-BCE71FB83DC7}.Release|Any CPU.ActiveCfg = Release|Any CPU
		{495D482A-FCE3-4D36-87D6-BCE71FB83DC7}.Release|Any CPU.Build.0 = Release|Any CPU
		{BFF92737-EEBA-45E5-804B-7E5FD71C86D0}.Debug|Any CPU.ActiveCfg = Debug|Any CPU
		{BFF92737-EEBA-45E5-804B-7E5FD71C86D0}.Debug|Any CPU.Build.0 = Debug|Any CPU
		{BFF92737-EEBA-45E5-804B-7E5FD71C86D0}.Release|Any CPU.ActiveCfg = Release|Any CPU
		{BFF92737-EEBA-45E5-804B-7E5FD71C86D0}.Release|Any CPU.Build.0 = Release|Any CPU
		{3FC98040-03A6-4732-83F4-954FADD7FB57}.Debug|Any CPU.ActiveCfg = Debug|Any CPU
		{3FC98040-03A6-4732-83F4-954FADD7FB57}.Debug|Any CPU.Build.0 = Debug|Any CPU
		{3FC98040-03A6-4732-83F4-954FADD7FB57}.Release|Any CPU.ActiveCfg = Release|Any CPU
		{3FC98040-03A6-4732-83F4-954FADD7FB57}.Release|Any CPU.Build.0 = Release|Any CPU
		{58411091-0A1B-4CE8-B40D-3AAECED28D8A}.Debug|Any CPU.ActiveCfg = Debug|Any CPU
		{58411091-0A1B-4CE8-B40D-3AAECED28D8A}.Debug|Any CPU.Build.0 = Debug|Any CPU
		{58411091-0A1B-4CE8-B40D-3AAECED28D8A}.Release|Any CPU.ActiveCfg = Release|Any CPU
		{58411091-0A1B-4CE8-B40D-3AAECED28D8A}.Release|Any CPU.Build.0 = Release|Any CPU
		{CEFDD4A8-D174-4331-9E71-DFEA071B7848}.Debug|Any CPU.ActiveCfg = Debug|Any CPU
		{CEFDD4A8-D174-4331-9E71-DFEA071B7848}.Debug|Any CPU.Build.0 = Debug|Any CPU
		{CEFDD4A8-D174-4331-9E71-DFEA071B7848}.Release|Any CPU.ActiveCfg = Release|Any CPU
		{CEFDD4A8-D174-4331-9E71-DFEA071B7848}.Release|Any CPU.Build.0 = Release|Any CPU
		{5C6BCFDE-7DB4-4900-8A2E-64DDD408094A}.Debug|Any CPU.ActiveCfg = Debug|Any CPU
		{5C6BCFDE-7DB4-4900-8A2E-64DDD408094A}.Debug|Any CPU.Build.0 = Debug|Any CPU
		{5C6BCFDE-7DB4-4900-8A2E-64DDD408094A}.Release|Any CPU.ActiveCfg = Release|Any CPU
		{5C6BCFDE-7DB4-4900-8A2E-64DDD408094A}.Release|Any CPU.Build.0 = Release|Any CPU
	EndGlobalSection
	GlobalSection(SolutionProperties) = preSolution
		HideSolutionNode = FALSE
	EndGlobalSection
	GlobalSection(ExtensibilityGlobals) = postSolution
		SolutionGuid = {6D4FB68E-69A5-454E-96B8-D1A8133E0C61}
	EndGlobalSection
EndGlobal
